
Microsoft Visual Studio Solution File, Format Version 12.00
# Visual Studio Version 17
VisualStudioVersion = 17.0.31919.166
MinimumVisualStudioVersion = 10.0.40219.1
Project("{9A19103F-16F7-4668-BE54-9A1E7A4F7556}") = "PatternStruct", "PatternStruct\PatternStruct.csproj", "{606EC5D1-E6B6-4745-99AE-4B2909582919}"
EndProject
Project("{FAE04EC0-301F-11D3-BF4B-00C04F79EFBC}") = "CreationPattern", "CreationPattern\CreationPattern.csproj", "{423F65D3-813B-4CB8-8F76-8350A856C330}"
EndProject
Global
	GlobalSection(SolutionConfigurationPlatforms) = preSolution
		Debug|Any CPU = Debug|Any CPU
		Release|Any CPU = Release|Any CPU
	EndGlobalSection
	GlobalSection(ProjectConfigurationPlatforms) = postSolution
		{606EC5D1-E6B6-4745-99AE-4B2909582919}.Debug|Any CPU.ActiveCfg = Debug|Any CPU
		{606EC5D1-E6B6-4745-99AE-4B2909582919}.Debug|Any CPU.Build.0 = Debug|Any CPU
		{606EC5D1-E6B6-4745-99AE-4B2909582919}.Release|Any CPU.ActiveCfg = Release|Any CPU
		{606EC5D1-E6B6-4745-99AE-4B2909582919}.Release|Any CPU.Build.0 = Release|Any CPU
		{423F65D3-813B-4CB8-8F76-8350A856C330}.Debug|Any CPU.ActiveCfg = Debug|Any CPU
		{423F65D3-813B-4CB8-8F76-8350A856C330}.Debug|Any CPU.Build.0 = Debug|Any CPU
		{423F65D3-813B-4CB8-8F76-8350A856C330}.Release|Any CPU.ActiveCfg = Release|Any CPU
		{423F65D3-813B-4CB8-8F76-8350A856C330}.Release|Any CPU.Build.0 = Release|Any CPU
	EndGlobalSection
	GlobalSection(SolutionProperties) = preSolution
		HideSolutionNode = FALSE
	EndGlobalSection
	GlobalSection(ExtensibilityGlobals) = postSolution
		SolutionGuid = {2F67BCFF-95C0-494A-B561-AC0590E5004E}
	EndGlobalSection
EndGlobal
